
Microsoft Visual Studio Solution File, Format Version 12.00
# Visual Studio Version 17
VisualStudioVersion = 17.0.31903.59
MinimumVisualStudioVersion = 10.0.40219.1
Project("{FAE04EC0-301F-11D3-BF4B-00C04F79EFBC}") = "PrimeiroProjeto", "PrimeiroProjeto\PrimeiroProjeto.csproj", "{F611A42F-9E26-4C55-9CEC-A92940AF8F88}"
EndProject
Project("{FAE04EC0-301F-11D3-BF4B-00C04F79EFBC}") = "SegundoProjeto", "SegundoProjeto\SegundoProjeto.csproj", "{1019D0F0-330D-468D-9ADD-D8A1772DBBC4}"
EndProject
Project("{FAE04EC0-301F-11D3-BF4B-00C04F79EFBC}") = "Exercicios", "Exercicios\Exercicios.csproj", "{5DCB859C-D8AD-4327-A53C-EDAD8DC2C93E}"
EndProject
Project("{FAE04EC0-301F-11D3-BF4B-00C04F79EFBC}") = "1003 BEECROWD", "1003 BEECROWD\1003 BEECROWD.csproj", "{18118921-0224-41F9-A1F5-0EAAB39BF10E}"
EndProject
Project("{FAE04EC0-301F-11D3-BF4B-00C04F79EFBC}") = "1003BEECROWD", "1003BEECROWD\1003BEECROWD.csproj", "{E27FDEA7-352E-47DE-A914-322C8F179A0F}"
EndProject
Project("{FAE04EC0-301F-11D3-BF4B-00C04F79EFBC}") = "BEECROWD1003", "BEECROWD1003\BEECROWD1003.csproj", "{625C522A-A77B-4570-B329-787D95B7F9D7}"
EndProject
Project("{FAE04EC0-301F-11D3-BF4B-00C04F79EFBC}") = "BEECROWD-1004", "BEECROWD-1004\BEECROWD-1004.csproj", "{9DDC50D6-5421-49B5-9A74-D318B0EF467B}"
EndProject
Project("{FAE04EC0-301F-11D3-BF4B-00C04F79EFBC}") = "BEECROWD-1003", "BEECROWD-1003\BEECROWD-1003.csproj", "{07B6C478-87EE-4AD6-BDCA-6E548F1AACC2}"
EndProject
Project("{FAE04EC0-301F-11D3-BF4B-00C04F79EFBC}") = "BEECROWD-1008", "BEECROWD-1008\BEECROWD-1008.csproj", "{03AC5F24-D884-49D6-8491-367E4F8ED18D}"
EndProject
Project("{FAE04EC0-301F-11D3-BF4B-00C04F79EFBC}") = "BEECROWD-1010", "BEECROWD-1010\BEECROWD-1010.csproj", "{D204C392-8D95-4F8C-8A36-F8900B4755FD}"
EndProject
Project("{FAE04EC0-301F-11D3-BF4B-00C04F79EFBC}") = "BEECROWD-1014", "BEECROWD-1014\BEECROWD-1014.csproj", "{9508AF62-39F2-47A7-AFB7-D02B3F40E5A4}"
EndProject
Project("{FAE04EC0-301F-11D3-BF4B-00C04F79EFBC}") = "BEECROWD-1016", "BEECROWD-1016\BEECROWD-1016.csproj", "{6BBEC35B-00FE-46D6-A19B-9EAEB879DCFF}"
EndProject
Project("{FAE04EC0-301F-11D3-BF4B-00C04F79EFBC}") = "BEECROWD-1017", "BEECROWD-1017\BEECROWD-1017.csproj", "{36819B36-087F-4FEF-8469-8C131AB72A48}"
EndProject
Project("{FAE04EC0-301F-11D3-BF4B-00C04F79EFBC}") = "BEECROWD-1005", "BEECROWD-1005\BEECROWD-1005.csproj", "{116953C9-5D2C-408B-9AF8-693819745E84}"
EndProject
Project("{FAE04EC0-301F-11D3-BF4B-00C04F79EFBC}") = "BEECROWD-1006", "BEECROWD-1006\BEECROWD-1006.csproj", "{D5AF2295-D759-43CE-A2C1-56B6BA08A26C}"
EndProject
Project("{FAE04EC0-301F-11D3-BF4B-00C04F79EFBC}") = "BEECROWD-1002", "BEECROWD-1002\BEECROWD-1002.csproj", "{6AE73A12-4CB6-41CD-87EC-D8C90BB20A69}"
EndProject
Project("{FAE04EC0-301F-11D3-BF4B-00C04F79EFBC}") = "EXERCICIO-02", "EXERCICIO-02\EXERCICIO-02.csproj", "{37DB0D04-B38B-437A-BF7F-B9E5A1479286}"
EndProject
Project("{FAE04EC0-301F-11D3-BF4B-00C04F79EFBC}") = "EXERCICIO-01", "EXERCICIO-01\EXERCICIO-01.csproj", "{C019239A-FB34-4A9D-BE2A-20A3AEB47FBA}"
EndProject
Project("{FAE04EC0-301F-11D3-BF4B-00C04F79EFBC}") = "BEECROWND-1009", "BEECROWND-1009\BEECROWND-1009.csproj", "{EFB254C6-3037-448A-8616-00CDF0F2EACA}"
EndProject
Project("{FAE04EC0-301F-11D3-BF4B-00C04F79EFBC}") = "BEECROWD-1009", "BEECROWD-1009\BEECROWD-1009.csproj", "{32874811-2783-49BD-B884-86605A5AE147}"
EndProject
Project("{FAE04EC0-301F-11D3-BF4B-00C04F79EFBC}") = "BEECROWD-1011", "BEECROWD-1011\BEECROWD-1011.csproj", "{D7DCCD7A-7194-4640-8329-ABD2FB7605C9}"
EndProject
Project("{FAE04EC0-301F-11D3-BF4B-00C04F79EFBC}") = "BEECROWD-1012", "BEECROWD-1012\BEECROWD-1012.csproj", "{C11A9B41-F34D-4DEB-874B-9C705AAB5A17}"
EndProject
Project("{FAE04EC0-301F-11D3-BF4B-00C04F79EFBC}") = "BEECROWD-1013", "BEECROWD-1013\BEECROWD-1013.csproj", "{FD472F4D-AD72-4CA3-AB61-94EEB582CA7D}"
EndProject
Project("{FAE04EC0-301F-11D3-BF4B-00C04F79EFBC}") = "BEECROWD-1015", "BEECROWD-1015\BEECROWD-1015.csproj", "{0236AA3F-7183-41BD-B2A2-DABCC38BEC9A}"
EndProject
Project("{FAE04EC0-301F-11D3-BF4B-00C04F79EFBC}") = "BEECROWD-1019", "BEECROWD-1019\BEECROWD-1019.csproj", "{73DBC490-F1BE-43B3-9948-0DDB591E3A69}"
EndProject
Project("{FAE04EC0-301F-11D3-BF4B-00C04F79EFBC}") = "BEECROWD-1018", "BEECROWD-1018\BEECROWD-1018.csproj", "{F88F0AFB-10A1-4925-8E9F-AA8DA584D338}"
EndProject
Project("{FAE04EC0-301F-11D3-BF4B-00C04F79EFBC}") = "BEECROWD-1020", "BEECROWD-1020\BEECROWD-1020.csproj", "{C2CB77C1-583A-4DA5-AA47-D18AB2F138B3}"
EndProject
Project("{FAE04EC0-301F-11D3-BF4B-00C04F79EFBC}") = "BEECROWD-1021", "BEECROWD-1021\BEECROWD-1021.csproj", "{802B7FA5-2AD1-47F4-93B7-CE4C30E8AFC0}"
EndProject
Project("{FAE04EC0-301F-11D3-BF4B-00C04F79EFBC}") = "BEECROWD-1061", "BEECROWD-1061\BEECROWD-1061.csproj", "{4F0A81F7-8F63-4F4E-A307-AED0E0253A60}"
EndProject
Project("{FAE04EC0-301F-11D3-BF4B-00C04F79EFBC}") = "Exercicio-1", "Exercicio-1\Exercicio-1.csproj", "{8D33809E-E2E2-4D8F-87D9-A438A04FE1AB}"
EndProject
Global
	GlobalSection(SolutionConfigurationPlatforms) = preSolution
		Debug|Any CPU = Debug|Any CPU
		Release|Any CPU = Release|Any CPU
	EndGlobalSection
	GlobalSection(SolutionProperties) = preSolution
		HideSolutionNode = FALSE
	EndGlobalSection
	GlobalSection(ProjectConfigurationPlatforms) = postSolution
		{F611A42F-9E26-4C55-9CEC-A92940AF8F88}.Debug|Any CPU.ActiveCfg = Debug|Any CPU
		{F611A42F-9E26-4C55-9CEC-A92940AF8F88}.Debug|Any CPU.Build.0 = Debug|Any CPU
		{F611A42F-9E26-4C55-9CEC-A92940AF8F88}.Release|Any CPU.ActiveCfg = Release|Any CPU
		{F611A42F-9E26-4C55-9CEC-A92940AF8F88}.Release|Any CPU.Build.0 = Release|Any CPU
		{1019D0F0-330D-468D-9ADD-D8A1772DBBC4}.Debug|Any CPU.ActiveCfg = Debug|Any CPU
		{1019D0F0-330D-468D-9ADD-D8A1772DBBC4}.Debug|Any CPU.Build.0 = Debug|Any CPU
		{1019D0F0-330D-468D-9ADD-D8A1772DBBC4}.Release|Any CPU.ActiveCfg = Release|Any CPU
		{1019D0F0-330D-468D-9ADD-D8A1772DBBC4}.Release|Any CPU.Build.0 = Release|Any CPU
		{5DCB859C-D8AD-4327-A53C-EDAD8DC2C93E}.Debug|Any CPU.ActiveCfg = Debug|Any CPU
		{5DCB859C-D8AD-4327-A53C-EDAD8DC2C93E}.Debug|Any CPU.Build.0 = Debug|Any CPU
		{5DCB859C-D8AD-4327-A53C-EDAD8DC2C93E}.Release|Any CPU.ActiveCfg = Release|Any CPU
		{5DCB859C-D8AD-4327-A53C-EDAD8DC2C93E}.Release|Any CPU.Build.0 = Release|Any CPU
		{18118921-0224-41F9-A1F5-0EAAB39BF10E}.Debug|Any CPU.ActiveCfg = Debug|Any CPU
		{18118921-0224-41F9-A1F5-0EAAB39BF10E}.Debug|Any CPU.Build.0 = Debug|Any CPU
		{18118921-0224-41F9-A1F5-0EAAB39BF10E}.Release|Any CPU.ActiveCfg = Release|Any CPU
		{18118921-0224-41F9-A1F5-0EAAB39BF10E}.Release|Any CPU.Build.0 = Release|Any CPU
		{E27FDEA7-352E-47DE-A914-322C8F179A0F}.Debug|Any CPU.ActiveCfg = Debug|Any CPU
		{E27FDEA7-352E-47DE-A914-322C8F179A0F}.Debug|Any CPU.Build.0 = Debug|Any CPU
		{E27FDEA7-352E-47DE-A914-322C8F179A0F}.Release|Any CPU.ActiveCfg = Release|Any CPU
		{E27FDEA7-352E-47DE-A914-322C8F179A0F}.Release|Any CPU.Build.0 = Release|Any CPU
		{625C522A-A77B-4570-B329-787D95B7F9D7}.Debug|Any CPU.ActiveCfg = Debug|Any CPU
		{625C522A-A77B-4570-B329-787D95B7F9D7}.Debug|Any CPU.Build.0 = Debug|Any CPU
		{625C522A-A77B-4570-B329-787D95B7F9D7}.Release|Any CPU.ActiveCfg = Release|Any CPU
		{625C522A-A77B-4570-B329-787D95B7F9D7}.Release|Any CPU.Build.0 = Release|Any CPU
		{9DDC50D6-5421-49B5-9A74-D318B0EF467B}.Debug|Any CPU.ActiveCfg = Debug|Any CPU
		{9DDC50D6-5421-49B5-9A74-D318B0EF467B}.Debug|Any CPU.Build.0 = Debug|Any CPU
		{9DDC50D6-5421-49B5-9A74-D318B0EF467B}.Release|Any CPU.ActiveCfg = Release|Any CPU
		{9DDC50D6-5421-49B5-9A74-D318B0EF467B}.Release|Any CPU.Build.0 = Release|Any CPU
		{07B6C478-87EE-4AD6-BDCA-6E548F1AACC2}.Debug|Any CPU.ActiveCfg = Debug|Any CPU
		{07B6C478-87EE-4AD6-BDCA-6E548F1AACC2}.Debug|Any CPU.Build.0 = Debug|Any CPU
		{07B6C478-87EE-4AD6-BDCA-6E548F1AACC2}.Release|Any CPU.ActiveCfg = Release|Any CPU
		{07B6C478-87EE-4AD6-BDCA-6E548F1AACC2}.Release|Any CPU.Build.0 = Release|Any CPU
		{03AC5F24-D884-49D6-8491-367E4F8ED18D}.Debug|Any CPU.ActiveCfg = Debug|Any CPU
		{03AC5F24-D884-49D6-8491-367E4F8ED18D}.Debug|Any CPU.Build.0 = Debug|Any CPU
		{03AC5F24-D884-49D6-8491-367E4F8ED18D}.Release|Any CPU.ActiveCfg = Release|Any CPU
		{03AC5F24-D884-49D6-8491-367E4F8ED18D}.Release|Any CPU.Build.0 = Release|Any CPU
		{D204C392-8D95-4F8C-8A36-F8900B4755FD}.Debug|Any CPU.ActiveCfg = Debug|Any CPU
		{D204C392-8D95-4F8C-8A36-F8900B4755FD}.Debug|Any CPU.Build.0 = Debug|Any CPU
		{D204C392-8D95-4F8C-8A36-F8900B4755FD}.Release|Any CPU.ActiveCfg = Release|Any CPU
		{D204C392-8D95-4F8C-8A36-F8900B4755FD}.Release|Any CPU.Build.0 = Release|Any CPU
		{9508AF62-39F2-47A7-AFB7-D02B3F40E5A4}.Debug|Any CPU.ActiveCfg = Debug|Any CPU
		{9508AF62-39F2-47A7-AFB7-D02B3F40E5A4}.Debug|Any CPU.Build.0 = Debug|Any CPU
		{9508AF62-39F2-47A7-AFB7-D02B3F40E5A4}.Release|Any CPU.ActiveCfg = Release|Any CPU
		{9508AF62-39F2-47A7-AFB7-D02B3F40E5A4}.Release|Any CPU.Build.0 = Release|Any CPU
		{6BBEC35B-00FE-46D6-A19B-9EAEB879DCFF}.Debug|Any CPU.ActiveCfg = Debug|Any CPU
		{6BBEC35B-00FE-46D6-A19B-9EAEB879DCFF}.Debug|Any CPU.Build.0 = Debug|Any CPU
		{6BBEC35B-00FE-46D6-A19B-9EAEB879DCFF}.Release|Any CPU.ActiveCfg = Release|Any CPU
		{6BBEC35B-00FE-46D6-A19B-9EAEB879DCFF}.Release|Any CPU.Build.0 = Release|Any CPU
		{36819B36-087F-4FEF-8469-8C131AB72A48}.Debug|Any CPU.ActiveCfg = Debug|Any CPU
		{36819B36-087F-4FEF-8469-8C131AB72A48}.Debug|Any CPU.Build.0 = Debug|Any CPU
		{36819B36-087F-4FEF-8469-8C131AB72A48}.Release|Any CPU.ActiveCfg = Release|Any CPU
		{36819B36-087F-4FEF-8469-8C131AB72A48}.Release|Any CPU.Build.0 = Release|Any CPU
		{116953C9-5D2C-408B-9AF8-693819745E84}.Debug|Any CPU.ActiveCfg = Debug|Any CPU
		{116953C9-5D2C-408B-9AF8-693819745E84}.Debug|Any CPU.Build.0 = Debug|Any CPU
		{116953C9-5D2C-408B-9AF8-693819745E84}.Release|Any CPU.ActiveCfg = Release|Any CPU
		{116953C9-5D2C-408B-9AF8-693819745E84}.Release|Any CPU.Build.0 = Release|Any CPU
		{D5AF2295-D759-43CE-A2C1-56B6BA08A26C}.Debug|Any CPU.ActiveCfg = Debug|Any CPU
		{D5AF2295-D759-43CE-A2C1-56B6BA08A26C}.Debug|Any CPU.Build.0 = Debug|Any CPU
		{D5AF2295-D759-43CE-A2C1-56B6BA08A26C}.Release|Any CPU.ActiveCfg = Release|Any CPU
		{D5AF2295-D759-43CE-A2C1-56B6BA08A26C}.Release|Any CPU.Build.0 = Release|Any CPU
		{6AE73A12-4CB6-41CD-87EC-D8C90BB20A69}.Debug|Any CPU.ActiveCfg = Debug|Any CPU
		{6AE73A12-4CB6-41CD-87EC-D8C90BB20A69}.Debug|Any CPU.Build.0 = Debug|Any CPU
		{6AE73A12-4CB6-41CD-87EC-D8C90BB20A69}.Release|Any CPU.ActiveCfg = Release|Any CPU
		{6AE73A12-4CB6-41CD-87EC-D8C90BB20A69}.Release|Any CPU.Build.0 = Release|Any CPU
		{37DB0D04-B38B-437A-BF7F-B9E5A1479286}.Debug|Any CPU.ActiveCfg = Debug|Any CPU
		{37DB0D04-B38B-437A-BF7F-B9E5A1479286}.Debug|Any CPU.Build.0 = Debug|Any CPU
		{37DB0D04-B38B-437A-BF7F-B9E5A1479286}.Release|Any CPU.ActiveCfg = Release|Any CPU
		{37DB0D04-B38B-437A-BF7F-B9E5A1479286}.Release|Any CPU.Build.0 = Release|Any CPU
		{C019239A-FB34-4A9D-BE2A-20A3AEB47FBA}.Debug|Any CPU.ActiveCfg = Debug|Any CPU
		{C019239A-FB34-4A9D-BE2A-20A3AEB47FBA}.Debug|Any CPU.Build.0 = Debug|Any CPU
		{C019239A-FB34-4A9D-BE2A-20A3AEB47FBA}.Release|Any CPU.ActiveCfg = Release|Any CPU
		{C019239A-FB34-4A9D-BE2A-20A3AEB47FBA}.Release|Any CPU.Build.0 = Release|Any CPU
		{EFB254C6-3037-448A-8616-00CDF0F2EACA}.Debug|Any CPU.ActiveCfg = Debug|Any CPU
		{EFB254C6-3037-448A-8616-00CDF0F2EACA}.Debug|Any CPU.Build.0 = Debug|Any CPU
		{EFB254C6-3037-448A-8616-00CDF0F2EACA}.Release|Any CPU.ActiveCfg = Release|Any CPU
		{EFB254C6-3037-448A-8616-00CDF0F2EACA}.Release|Any CPU.Build.0 = Release|Any CPU
		{32874811-2783-49BD-B884-86605A5AE147}.Debug|Any CPU.ActiveCfg = Debug|Any CPU
		{32874811-2783-49BD-B884-86605A5AE147}.Debug|Any CPU.Build.0 = Debug|Any CPU
		{32874811-2783-49BD-B884-86605A5AE147}.Release|Any CPU.ActiveCfg = Release|Any CPU
		{32874811-2783-49BD-B884-86605A5AE147}.Release|Any CPU.Build.0 = Release|Any CPU
		{D7DCCD7A-7194-4640-8329-ABD2FB7605C9}.Debug|Any CPU.ActiveCfg = Debug|Any CPU
		{D7DCCD7A-7194-4640-8329-ABD2FB7605C9}.Debug|Any CPU.Build.0 = Debug|Any CPU
		{D7DCCD7A-7194-4640-8329-ABD2FB7605C9}.Release|Any CPU.ActiveCfg = Release|Any CPU
		{D7DCCD7A-7194-4640-8329-ABD2FB7605C9}.Release|Any CPU.Build.0 = Release|Any CPU
		{C11A9B41-F34D-4DEB-874B-9C705AAB5A17}.Debug|Any CPU.ActiveCfg = Debug|Any CPU
		{C11A9B41-F34D-4DEB-874B-9C705AAB5A17}.Debug|Any CPU.Build.0 = Debug|Any CPU
		{C11A9B41-F34D-4DEB-874B-9C705AAB5A17}.Release|Any CPU.ActiveCfg = Release|Any CPU
		{C11A9B41-F34D-4DEB-874B-9C705AAB5A17}.Release|Any CPU.Build.0 = Release|Any CPU
		{FD472F4D-AD72-4CA3-AB61-94EEB582CA7D}.Debug|Any CPU.ActiveCfg = Debug|Any CPU
		{FD472F4D-AD72-4CA3-AB61-94EEB582CA7D}.Debug|Any CPU.Build.0 = Debug|Any CPU
		{FD472F4D-AD72-4CA3-AB61-94EEB582CA7D}.Release|Any CPU.ActiveCfg = Release|Any CPU
		{FD472F4D-AD72-4CA3-AB61-94EEB582CA7D}.Release|Any CPU.Build.0 = Release|Any CPU
		{0236AA3F-7183-41BD-B2A2-DABCC38BEC9A}.Debug|Any CPU.ActiveCfg = Debug|Any CPU
		{0236AA3F-7183-41BD-B2A2-DABCC38BEC9A}.Debug|Any CPU.Build.0 = Debug|Any CPU
		{0236AA3F-7183-41BD-B2A2-DABCC38BEC9A}.Release|Any CPU.ActiveCfg = Release|Any CPU
		{0236AA3F-7183-41BD-B2A2-DABCC38BEC9A}.Release|Any CPU.Build.0 = Release|Any CPU
		{73DBC490-F1BE-43B3-9948-0DDB591E3A69}.Debug|Any CPU.ActiveCfg = Debug|Any CPU
		{73DBC490-F1BE-43B3-9948-0DDB591E3A69}.Debug|Any CPU.Build.0 = Debug|Any CPU
		{73DBC490-F1BE-43B3-9948-0DDB591E3A69}.Release|Any CPU.ActiveCfg = Release|Any CPU
		{73DBC490-F1BE-43B3-9948-0DDB591E3A69}.Release|Any CPU.Build.0 = Release|Any CPU
		{F88F0AFB-10A1-4925-8E9F-AA8DA584D338}.Debug|Any CPU.ActiveCfg = Debug|Any CPU
		{F88F0AFB-10A1-4925-8E9F-AA8DA584D338}.Debug|Any CPU.Build.0 = Debug|Any CPU
		{F88F0AFB-10A1-4925-8E9F-AA8DA584D338}.Release|Any CPU.ActiveCfg = Release|Any CPU
		{F88F0AFB-10A1-4925-8E9F-AA8DA584D338}.Release|Any CPU.Build.0 = Release|Any CPU
		{C2CB77C1-583A-4DA5-AA47-D18AB2F138B3}.Debug|Any CPU.ActiveCfg = Debug|Any CPU
		{C2CB77C1-583A-4DA5-AA47-D18AB2F138B3}.Debug|Any CPU.Build.0 = Debug|Any CPU
		{C2CB77C1-583A-4DA5-AA47-D18AB2F138B3}.Release|Any CPU.ActiveCfg = Release|Any CPU
		{C2CB77C1-583A-4DA5-AA47-D18AB2F138B3}.Release|Any CPU.Build.0 = Release|Any CPU
		{802B7FA5-2AD1-47F4-93B7-CE4C30E8AFC0}.Debug|Any CPU.ActiveCfg = Debug|Any CPU
		{802B7FA5-2AD1-47F4-93B7-CE4C30E8AFC0}.Debug|Any CPU.Build.0 = Debug|Any CPU
		{802B7FA5-2AD1-47F4-93B7-CE4C30E8AFC0}.Release|Any CPU.ActiveCfg = Release|Any CPU
		{802B7FA5-2AD1-47F4-93B7-CE4C30E8AFC0}.Release|Any CPU.Build.0 = Release|Any CPU
		{4F0A81F7-8F63-4F4E-A307-AED0E0253A60}.Debug|Any CPU.ActiveCfg = Debug|Any CPU
		{4F0A81F7-8F63-4F4E-A307-AED0E0253A60}.Debug|Any CPU.Build.0 = Debug|Any CPU
		{4F0A81F7-8F63-4F4E-A307-AED0E0253A60}.Release|Any CPU.ActiveCfg = Release|Any CPU
		{4F0A81F7-8F63-4F4E-A307-AED0E0253A60}.Release|Any CPU.Build.0 = Release|Any CPU
		{8D33809E-E2E2-4D8F-87D9-A438A04FE1AB}.Debug|Any CPU.ActiveCfg = Debug|Any CPU
		{8D33809E-E2E2-4D8F-87D9-A438A04FE1AB}.Debug|Any CPU.Build.0 = Debug|Any CPU
		{8D33809E-E2E2-4D8F-87D9-A438A04FE1AB}.Release|Any CPU.ActiveCfg = Release|Any CPU
		{8D33809E-E2E2-4D8F-87D9-A438A04FE1AB}.Release|Any CPU.Build.0 = Release|Any CPU
	EndGlobalSection
EndGlobal
